
Microsoft Visual Studio Solution File, Format Version 12.00
# Visual Studio Version 16
VisualStudioVersion = 16.0.30503.244
MinimumVisualStudioVersion = 10.0.40219.1
Project("{8BC9CEB8-8B4A-11D0-8D11-00A0C91BC942}") = "TodoKeeper", "TodoKeeper\TodoKeeper.vcxproj", "{8197931D-B6DB-4CBD-AEC4-4BF330C8B491}"
EndProject
Project("{2150E333-8FDC-42A3-9474-1A3956D46DE8}") = "Solution Items", "Solution Items", "{6AEC79D7-EF5C-46E3-A494-98B2BD15DE3E}"
	ProjectSection(SolutionItems) = preProject
		Todo.csv = Todo.csv
	EndProjectSection
EndProject
Global
	GlobalSection(SolutionConfigurationPlatforms) = preSolution
		Debug|x64 = Debug|x64
		Debug|x86 = Debug|x86
		Release|x64 = Release|x64
		Release|x86 = Release|x86
	EndGlobalSection
	GlobalSection(ProjectConfigurationPlatforms) = postSolution
		{8197931D-B6DB-4CBD-AEC4-4BF330C8B491}.Debug|x64.ActiveCfg = Debug|x64
		{8197931D-B6DB-4CBD-AEC4-4BF330C8B491}.Debug|x64.Build.0 = Debug|x64
		{8197931D-B6DB-4CBD-AEC4-4BF330C8B491}.Debug|x86.ActiveCfg = Debug|Win32
		{8197931D-B6DB-4CBD-AEC4-4BF330C8B491}.Debug|x86.Build.0 = Debug|Win32
		{8197931D-B6DB-4CBD-AEC4-4BF330C8B491}.Release|x64.ActiveCfg = Release|x64
		{8197931D-B6DB-4CBD-AEC4-4BF330C8B491}.Release|x64.Build.0 = Release|x64
		{8197931D-B6DB-4CBD-AEC4-4BF330C8B491}.Release|x86.ActiveCfg = Release|Win32
		{8197931D-B6DB-4CBD-AEC4-4BF330C8B491}.Release|x86.Build.0 = Release|Win32
	EndGlobalSection
	GlobalSection(SolutionProperties) = preSolution
		HideSolutionNode = FALSE
	EndGlobalSection
	GlobalSection(ExtensibilityGlobals) = postSolution
		SolutionGuid = {1206BA0F-C588-48FF-AE73-268CF1A0957D}
	EndGlobalSection
EndGlobal
